
Microsoft Visual Studio Solution File, Format Version 12.00
# Visual Studio 15
VisualStudioVersion = 15.0.28307.421
MinimumVisualStudioVersion = 10.0.40219.1
Project("{FAE04EC0-301F-11D3-BF4B-00C04F79EFBC}") = "Datatypes", "Datatypes\Datatypes.csproj", "{99503473-282E-44FF-8EFA-6B30C3E1939E}"
EndProject
Global
	GlobalSection(SolutionConfigurationPlatforms) = preSolution
		Debug|Any CPU = Debug|Any CPU
		Release|Any CPU = Release|Any CPU
	EndGlobalSection
	GlobalSection(ProjectConfigurationPlatforms) = postSolution
		{99503473-282E-44FF-8EFA-6B30C3E1939E}.Debug|Any CPU.ActiveCfg = Debug|Any CPU
		{99503473-282E-44FF-8EFA-6B30C3E1939E}.Debug|Any CPU.Build.0 = Debug|Any CPU
		{99503473-282E-44FF-8EFA-6B30C3E1939E}.Release|Any CPU.ActiveCfg = Release|Any CPU
		{99503473-282E-44FF-8EFA-6B30C3E1939E}.Release|Any CPU.Build.0 = Release|Any CPU
	EndGlobalSection
	GlobalSection(SolutionProperties) = preSolution
		HideSolutionNode = FALSE
	EndGlobalSection
	GlobalSection(ExtensibilityGlobals) = postSolution
		SolutionGuid = {42044F5F-11CE-44C0-92B5-E952C5DD3954}
	EndGlobalSection
EndGlobal
