
Microsoft Visual Studio Solution File, Format Version 12.00
# Visual Studio 15
VisualStudioVersion = 15.0.28307.421
MinimumVisualStudioVersion = 10.0.40219.1
Project("{FAE04EC0-301F-11D3-BF4B-00C04F79EFBC}") = "More.Animals", "More.Animals\More.Animals.csproj", "{4F97CBE2-C51B-4E35-AA8E-5C60F9D06419}"
EndProject
Project("{FAE04EC0-301F-11D3-BF4B-00C04F79EFBC}") = "MoreAnimals.UI", "MoreAnimals.UI\MoreAnimals.UI.csproj", "{6409FBA5-1C47-4378-8A75-4D7025BD62B7}"
EndProject
Global
	GlobalSection(SolutionConfigurationPlatforms) = preSolution
		Debug|Any CPU = Debug|Any CPU
		Release|Any CPU = Release|Any CPU
	EndGlobalSection
	GlobalSection(ProjectConfigurationPlatforms) = postSolution
		{4F97CBE2-C51B-4E35-AA8E-5C60F9D06419}.Debug|Any CPU.ActiveCfg = Debug|Any CPU
		{4F97CBE2-C51B-4E35-AA8E-5C60F9D06419}.Debug|Any CPU.Build.0 = Debug|Any CPU
		{4F97CBE2-C51B-4E35-AA8E-5C60F9D06419}.Release|Any CPU.ActiveCfg = Release|Any CPU
		{4F97CBE2-C51B-4E35-AA8E-5C60F9D06419}.Release|Any CPU.Build.0 = Release|Any CPU
		{6409FBA5-1C47-4378-8A75-4D7025BD62B7}.Debug|Any CPU.ActiveCfg = Debug|Any CPU
		{6409FBA5-1C47-4378-8A75-4D7025BD62B7}.Debug|Any CPU.Build.0 = Debug|Any CPU
		{6409FBA5-1C47-4378-8A75-4D7025BD62B7}.Release|Any CPU.ActiveCfg = Release|Any CPU
		{6409FBA5-1C47-4378-8A75-4D7025BD62B7}.Release|Any CPU.Build.0 = Release|Any CPU
	EndGlobalSection
	GlobalSection(SolutionProperties) = preSolution
		HideSolutionNode = FALSE
	EndGlobalSection
	GlobalSection(ExtensibilityGlobals) = postSolution
		SolutionGuid = {E64FA572-3623-464E-B031-8D5C528D25D1}
	EndGlobalSection
EndGlobal
